{
  "name": "ask-which-host",
  "version": "0.0.0dev",
  "lockfileVersion": 1,
  "requires": true,
  "dependencies": {
    "ansi-colors": {
      "version": "3.2.1",
      "resolved": "https://registry.npmjs.org/ansi-colors/-/ansi-colors-3.2.1.tgz",
      "integrity": "sha512-Xt+zb6nqgvV9SWAVp0EG3lRsHcbq5DDgqjPPz6pwgtj6RKz65zGXMNa82oJfOSBA/to6GmRP7Dr+6o+kbApTzQ=="
    },
    "enquirer": {
      "version": "2.1.1",
      "resolved": "https://registry.npmjs.org/enquirer/-/enquirer-2.1.1.tgz",
      "integrity": "sha512-Ky4Uo7q/dY9jSJIDkPf+y5nM+9F4ESINZaWJSSJbJqOVY15kVXIa/goQR6XmHNcS/MQ38wZT/N2+1pBwQeC2wQ==",
      "requires": {
        "ansi-colors": "3.2.1"
      }
    },
    "os": {
      "version": "0.1.1",
      "resolved": "https://registry.npmjs.org/os/-/os-0.1.1.tgz",
      "integrity": "sha1-IIhF6J4ZOtTZcUdLk5R3NqVtE/M="
    }
  }
}
